
Microsoft Visual Studio Solution File, Format Version 12.00
# Visual Studio 15
VisualStudioVersion = 15.0.26124.0
MinimumVisualStudioVersion = 15.0.26124.0
Project("{2150E333-8FDC-42A3-9474-1A3956D46DE8}") = "src", "src", "{8A64F51B-0A85-4FBF-BF22-1AD703E9DC0B}"
EndProject
Project("{FAE04EC0-301F-11D3-BF4B-00C04F79EFBC}") = "SimpleAPI", "src\SimpleAPI\SimpleAPI.csproj", "{FBECB136-977D-4988-AD43-6E455251F794}"
EndProject
Project("{2150E333-8FDC-42A3-9474-1A3956D46DE8}") = "test", "test", "{A680582A-3C7A-4B70-B1EB-9F2D977A796F}"
EndProject
Project("{FAE04EC0-301F-11D3-BF4B-00C04F79EFBC}") = "SimpleAPI.Test", "test\SimpleAPI.Test\SimpleAPI.Test.csproj", "{D039BFB8-9CE9-48CB-88ED-793FE6E6F7E7}"
EndProject
Global
	GlobalSection(SolutionConfigurationPlatforms) = preSolution
		Debug|Any CPU = Debug|Any CPU
		Debug|x64 = Debug|x64
		Debug|x86 = Debug|x86
		Release|Any CPU = Release|Any CPU
		Release|x64 = Release|x64
		Release|x86 = Release|x86
	EndGlobalSection
	GlobalSection(SolutionProperties) = preSolution
		HideSolutionNode = FALSE
	EndGlobalSection
	GlobalSection(ProjectConfigurationPlatforms) = postSolution
		{FBECB136-977D-4988-AD43-6E455251F794}.Debug|Any CPU.ActiveCfg = Debug|Any CPU
		{FBECB136-977D-4988-AD43-6E455251F794}.Debug|Any CPU.Build.0 = Debug|Any CPU
		{FBECB136-977D-4988-AD43-6E455251F794}.Debug|x64.ActiveCfg = Debug|Any CPU
		{FBECB136-977D-4988-AD43-6E455251F794}.Debug|x64.Build.0 = Debug|Any CPU
		{FBECB136-977D-4988-AD43-6E455251F794}.Debug|x86.ActiveCfg = Debug|Any CPU
		{FBECB136-977D-4988-AD43-6E455251F794}.Debug|x86.Build.0 = Debug|Any CPU
		{FBECB136-977D-4988-AD43-6E455251F794}.Release|Any CPU.ActiveCfg = Release|Any CPU
		{FBECB136-977D-4988-AD43-6E455251F794}.Release|Any CPU.Build.0 = Release|Any CPU
		{FBECB136-977D-4988-AD43-6E455251F794}.Release|x64.ActiveCfg = Release|Any CPU
		{FBECB136-977D-4988-AD43-6E455251F794}.Release|x64.Build.0 = Release|Any CPU
		{FBECB136-977D-4988-AD43-6E455251F794}.Release|x86.ActiveCfg = Release|Any CPU
		{FBECB136-977D-4988-AD43-6E455251F794}.Release|x86.Build.0 = Release|Any CPU
		{D039BFB8-9CE9-48CB-88ED-793FE6E6F7E7}.Debug|Any CPU.ActiveCfg = Debug|Any CPU
		{D039BFB8-9CE9-48CB-88ED-793FE6E6F7E7}.Debug|Any CPU.Build.0 = Debug|Any CPU
		{D039BFB8-9CE9-48CB-88ED-793FE6E6F7E7}.Debug|x64.ActiveCfg = Debug|Any CPU
		{D039BFB8-9CE9-48CB-88ED-793FE6E6F7E7}.Debug|x64.Build.0 = Debug|Any CPU
		{D039BFB8-9CE9-48CB-88ED-793FE6E6F7E7}.Debug|x86.ActiveCfg = Debug|Any CPU
		{D039BFB8-9CE9-48CB-88ED-793FE6E6F7E7}.Debug|x86.Build.0 = Debug|Any CPU
		{D039BFB8-9CE9-48CB-88ED-793FE6E6F7E7}.Release|Any CPU.ActiveCfg = Release|Any CPU
		{D039BFB8-9CE9-48CB-88ED-793FE6E6F7E7}.Release|Any CPU.Build.0 = Release|Any CPU
		{D039BFB8-9CE9-48CB-88ED-793FE6E6F7E7}.Release|x64.ActiveCfg = Release|Any CPU
		{D039BFB8-9CE9-48CB-88ED-793FE6E6F7E7}.Release|x64.Build.0 = Release|Any CPU
		{D039BFB8-9CE9-48CB-88ED-793FE6E6F7E7}.Release|x86.ActiveCfg = Release|Any CPU
		{D039BFB8-9CE9-48CB-88ED-793FE6E6F7E7}.Release|x86.Build.0 = Release|Any CPU
	EndGlobalSection
	GlobalSection(NestedProjects) = preSolution
		{FBECB136-977D-4988-AD43-6E455251F794} = {8A64F51B-0A85-4FBF-BF22-1AD703E9DC0B}
		{D039BFB8-9CE9-48CB-88ED-793FE6E6F7E7} = {A680582A-3C7A-4B70-B1EB-9F2D977A796F}
	EndGlobalSection
EndGlobal
